{
  "name": "Selsa",
  "lockfileVersion": 3,
  "requires": true,
  "packages": {
    "": {
      "dependencies": {
        "bootstrap": "^5.3.3",
        "framer-motion": "^12.5.0",
        "react-horizontal-scrolling-menu": "^8.2.0"
      }
    },
    "node_modules/@popperjs/core": {
      "version": "2.11.8",
      "resolved": "https://registry.npmjs.org/@popperjs/core/-/core-2.11.8.tgz",
      "integrity": "sha512-P1st0aksCrn9sGZhp8GMYwBnQsbvAWsZAX44oXNNvLHGqAOcoVxmjZiohstwQ7SqKnbR47akdNi+uleWD8+g6A==",
      "license": "MIT",
      "peer": true,
      "funding": {
        "type": "opencollective",
        "url": "https://opencollective.com/popperjs"
      }
    },
    "node_modules/bootstrap": {
      "version": "5.3.3",
      "resolved": "https://registry.npmjs.org/bootstrap/-/bootstrap-5.3.3.tgz",
      "integrity": "sha512-8HLCdWgyoMguSO9o+aH+iuZ+aht+mzW0u3HIMzVu7Srrpv7EBBxTnrFlSCskwdY1+EOFQSm7uMJhNQHkdPcmjg==",
      "funding": [
        {
          "type": "github",
          "url": "https://github.com/sponsors/twbs"
        },
        {
          "type": "opencollective",
          "url": "https://opencollective.com/bootstrap"
        }
      ],
      "license": "MIT",
      "peerDependencies": {
        "@popperjs/core": "^2.11.8"
      }
    },
    "node_modules/compute-scroll-into-view": {
      "version": "3.1.1",
      "resolved": "https://registry.npmjs.org/compute-scroll-into-view/-/compute-scroll-into-view-3.1.1.tgz",
      "integrity": "sha512-VRhuHOLoKYOy4UbilLbUzbYg93XLjv2PncJC50EuTWPA3gaja1UjBsUP/D/9/juV3vQFr6XBEzn9KCAHdUvOHw==",
      "license": "MIT"
    },
    "node_modules/framer-motion": {
      "version": "12.5.0",
      "resolved": "https://registry.npmjs.org/framer-motion/-/framer-motion-12.5.0.tgz",
      "integrity": "sha512-buPlioFbH9/W7rDzYh1C09AuZHAk2D1xTA1BlounJ2Rb9aRg84OXexP0GLd+R83v0khURdMX7b5MKnGTaSg5iA==",
      "license": "MIT",
      "dependencies": {
        "motion-dom": "^12.5.0",
        "motion-utils": "^12.5.0",
        "tslib": "^2.4.0"
      },
      "peerDependencies": {
        "@emotion/is-prop-valid": "*",
        "react": "^18.0.0 || ^19.0.0",
        "react-dom": "^18.0.0 || ^19.0.0"
      },
      "peerDependenciesMeta": {
        "@emotion/is-prop-valid": {
          "optional": true
        },
        "react": {
          "optional": true
        },
        "react-dom": {
          "optional": true
        }
      }
    },
    "node_modules/motion-dom": {
      "version": "12.5.0",
      "resolved": "https://registry.npmjs.org/motion-dom/-/motion-dom-12.5.0.tgz",
      "integrity": "sha512-uH2PETDh7m+Hjd1UQQ56yHqwn83SAwNjimNPE/kC+Kds0t4Yh7+29rfo5wezVFpPOv57U4IuWved5d1x0kNhbQ==",
      "license": "MIT",
      "dependencies": {
        "motion-utils": "^12.5.0"
      }
    },
    "node_modules/motion-utils": {
      "version": "12.5.0",
      "resolved": "https://registry.npmjs.org/motion-utils/-/motion-utils-12.5.0.tgz",
      "integrity": "sha512-+hFFzvimn0sBMP9iPxBa9OtRX35ZQ3py0UHnb8U29VD+d8lQ8zH3dTygJWqK7av2v6yhg7scj9iZuvTS0f4+SA==",
      "license": "MIT"
    },
    "node_modules/react": {
      "version": "19.0.0",
      "resolved": "https://registry.npmjs.org/react/-/react-19.0.0.tgz",
      "integrity": "sha512-V8AVnmPIICiWpGfm6GLzCR/W5FXLchHop40W4nXBmdlEceh16rCN8O8LNWm5bh5XUX91fh7KpA+W0TgMKmgTpQ==",
      "license": "MIT",
      "peer": true,
      "engines": {
        "node": ">=0.10.0"
      }
    },
    "node_modules/react-dom": {
      "version": "19.0.0",
      "resolved": "https://registry.npmjs.org/react-dom/-/react-dom-19.0.0.tgz",
      "integrity": "sha512-4GV5sHFG0e/0AD4X+ySy6UJd3jVl1iNsNHdpad0qhABJ11twS3TTBnseqsKurKcsNqCEFeGL3uLpVChpIO3QfQ==",
      "license": "MIT",
      "peer": true,
      "dependencies": {
        "scheduler": "^0.25.0"
      },
      "peerDependencies": {
        "react": "^19.0.0"
      }
    },
    "node_modules/react-horizontal-scrolling-menu": {
      "version": "8.2.0",
      "resolved": "https://registry.npmjs.org/react-horizontal-scrolling-menu/-/react-horizontal-scrolling-menu-8.2.0.tgz",
      "integrity": "sha512-WQEMkauUFLRWjhpHpiPGo1mfnLCvmeO840U+JZDB8Vn7eykQG6nklz0PxfBP91gneFBw6Ab11xuXcv17TU+Uig==",
      "license": "MIT",
      "dependencies": {
        "smooth-scroll-into-view-if-needed": "^2.0.2"
      },
      "engines": {
        "node": ">=18",
        "npm": ">=9.5.0"
      },
      "funding": {
        "type": "patreon",
        "url": "https://patreon.com/asmyshlyaev177"
      },
      "peerDependencies": {
        "react": ">=16.8",
        "react-dom": ">=16.8"
      }
    },
    "node_modules/scheduler": {
      "version": "0.25.0",
      "resolved": "https://registry.npmjs.org/scheduler/-/scheduler-0.25.0.tgz",
      "integrity": "sha512-xFVuu11jh+xcO7JOAGJNOXld8/TcEHK/4CituBUeUb5hqxJLj9YuemAEuvm9gQ/+pgXYfbQuqAkiYu+u7YEsNA==",
      "license": "MIT",
      "peer": true
    },
    "node_modules/scroll-into-view-if-needed": {
      "version": "3.1.0",
      "resolved": "https://registry.npmjs.org/scroll-into-view-if-needed/-/scroll-into-view-if-needed-3.1.0.tgz",
      "integrity": "sha512-49oNpRjWRvnU8NyGVmUaYG4jtTkNonFZI86MmGRDqBphEK2EXT9gdEUoQPZhuBM8yWHxCWbobltqYO5M4XrUvQ==",
      "license": "MIT",
      "dependencies": {
        "compute-scroll-into-view": "^3.0.2"
      }
    },
    "node_modules/smooth-scroll-into-view-if-needed": {
      "version": "2.0.2",
      "resolved": "https://registry.npmjs.org/smooth-scroll-into-view-if-needed/-/smooth-scroll-into-view-if-needed-2.0.2.tgz",
      "integrity": "sha512-z54WzUSlM+xHHvJu3lMIsh+1d1kA4vaakcAtQvqzeGJ5Ffau7EKjpRrMHh1/OBo5zyU2h30ZYEt77vWmPHqg7Q==",
      "license": "MIT",
      "dependencies": {
        "scroll-into-view-if-needed": "^3.1.0"
      }
    },
    "node_modules/tslib": {
      "version": "2.8.1",
      "resolved": "https://registry.npmjs.org/tslib/-/tslib-2.8.1.tgz",
      "integrity": "sha512-oJFu94HQb+KVduSUQL7wnpmqnfmLsOA/nAh6b6EH0wCEoK0/mPeXU6c3wKDV83MkOuHPRHtSXKKU99IBazS/2w==",
      "license": "0BSD"
    }
  }
}
